
Microsoft Visual Studio Solution File, Format Version 12.00
# Visual Studio Version 17
VisualStudioVersion = 17.13.35828.75
MinimumVisualStudioVersion = 10.0.40219.1
Project("{FAE04EC0-301F-11D3-BF4B-00C04F79EFBC}") = "CalculatorTooZirCorp", "CalculatorTooZirCorp\CalculatorTooZirCorp.csproj", "{1F2AF2FD-FD0B-4308-B9CE-E426B590FB47}"
EndProject
Project("{FAE04EC0-301F-11D3-BF4B-00C04F79EFBC}") = "MyMSTestsCalculator", "MyUnitTestsCalculator\MyMSTestsCalculator.csproj", "{6F189609-76B6-4636-90C2-C473E3837B2A}"
EndProject
Project("{FAE04EC0-301F-11D3-BF4B-00C04F79EFBC}") = "MyxUnitTests", "MyxUnitTests\MyxUnitTests.csproj", "{A47D8906-F210-4CB6-BC8F-736228C5B27D}"
EndProject
Global
	GlobalSection(SolutionConfigurationPlatforms) = preSolution
		Debug|Any CPU = Debug|Any CPU
		Release|Any CPU = Release|Any CPU
	EndGlobalSection
	GlobalSection(ProjectConfigurationPlatforms) = postSolution
		{1F2AF2FD-FD0B-4308-B9CE-E426B590FB47}.Debug|Any CPU.ActiveCfg = Debug|Any CPU
		{1F2AF2FD-FD0B-4308-B9CE-E426B590FB47}.Debug|Any CPU.Build.0 = Debug|Any CPU
		{1F2AF2FD-FD0B-4308-B9CE-E426B590FB47}.Release|Any CPU.ActiveCfg = Release|Any CPU
		{1F2AF2FD-FD0B-4308-B9CE-E426B590FB47}.Release|Any CPU.Build.0 = Release|Any CPU
		{6F189609-76B6-4636-90C2-C473E3837B2A}.Debug|Any CPU.ActiveCfg = Debug|Any CPU
		{6F189609-76B6-4636-90C2-C473E3837B2A}.Debug|Any CPU.Build.0 = Debug|Any CPU
		{6F189609-76B6-4636-90C2-C473E3837B2A}.Release|Any CPU.ActiveCfg = Release|Any CPU
		{6F189609-76B6-4636-90C2-C473E3837B2A}.Release|Any CPU.Build.0 = Release|Any CPU
		{A47D8906-F210-4CB6-BC8F-736228C5B27D}.Debug|Any CPU.ActiveCfg = Debug|Any CPU
		{A47D8906-F210-4CB6-BC8F-736228C5B27D}.Debug|Any CPU.Build.0 = Debug|Any CPU
		{A47D8906-F210-4CB6-BC8F-736228C5B27D}.Release|Any CPU.ActiveCfg = Release|Any CPU
		{A47D8906-F210-4CB6-BC8F-736228C5B27D}.Release|Any CPU.Build.0 = Release|Any CPU
	EndGlobalSection
	GlobalSection(SolutionProperties) = preSolution
		HideSolutionNode = FALSE
	EndGlobalSection
	GlobalSection(ExtensibilityGlobals) = postSolution
		SolutionGuid = {E56E2972-B6F7-4EF9-9C21-5D2A7B7F7749}
	EndGlobalSection
EndGlobal
